
Microsoft Visual Studio Solution File, Format Version 12.00
# Visual Studio Version 17
VisualStudioVersion = 17.5.002.0
MinimumVisualStudioVersion = 10.0.40219.1
Project("{9A19103F-16F7-4668-BE54-9A1E7A4F7556}") = "ApiPokemon", "ApiPokemon\ApiPokemon.csproj", "{5B21BBC0-678F-42D7-8BDA-FB00F4B9304A}"
EndProject
Global
	GlobalSection(SolutionConfigurationPlatforms) = preSolution
		Debug|Any CPU = Debug|Any CPU
		Release|Any CPU = Release|Any CPU
	EndGlobalSection
	GlobalSection(ProjectConfigurationPlatforms) = postSolution
		{5B21BBC0-678F-42D7-8BDA-FB00F4B9304A}.Debug|Any CPU.ActiveCfg = Debug|Any CPU
		{5B21BBC0-678F-42D7-8BDA-FB00F4B9304A}.Debug|Any CPU.Build.0 = Debug|Any CPU
		{5B21BBC0-678F-42D7-8BDA-FB00F4B9304A}.Release|Any CPU.ActiveCfg = Release|Any CPU
		{5B21BBC0-678F-42D7-8BDA-FB00F4B9304A}.Release|Any CPU.Build.0 = Release|Any CPU
	EndGlobalSection
	GlobalSection(SolutionProperties) = preSolution
		HideSolutionNode = FALSE
	EndGlobalSection
	GlobalSection(ExtensibilityGlobals) = postSolution
		SolutionGuid = {5EA47857-36A7-4D3C-BC21-8A00D1F4D431}
	EndGlobalSection
EndGlobal
